
Microsoft Visual Studio Solution File, Format Version 12.00
# Visual Studio Version 17
VisualStudioVersion = 17.5.33414.496
MinimumVisualStudioVersion = 10.0.40219.1
Project("{9A19103F-16F7-4668-BE54-9A1E7A4F7556}") = "ITLearningAPI.Web", "ITLearningAPI.Web\ITLearningAPI.Web.csproj", "{4F78A4B2-7EA9-42FD-8D67-C90F1A9A5B3D}"
EndProject
Project("{9A19103F-16F7-4668-BE54-9A1E7A4F7556}") = "ITLearning.TypeGuards", "ITLearning.TypeGuards\ITLearning.TypeGuards.csproj", "{7A04214D-FF14-4E36-9824-D9FD6AAFFF01}"
EndProject
Project("{2150E333-8FDC-42A3-9474-1A3956D46DE8}") = "Core", "Core", "{CDD8975B-1CC6-4CED-AE02-56BAFF41F8D9}"
EndProject
Project("{2150E333-8FDC-42A3-9474-1A3956D46DE8}") = "Infrastructure", "Infrastructure", "{21B7E38D-D39D-4DC1-8D32-F50BE4C0A7DE}"
EndProject
Project("{9A19103F-16F7-4668-BE54-9A1E7A4F7556}") = "ITLearning.Infrastructure.DataAccess.Common", "Infrastructure\ITLearning.Infrastructure.Common\ITLearning.Infrastructure.DataAccess.Common.csproj", "{BA777751-151B-4E63-A3C7-1C240B58B8D8}"
EndProject
Project("{9A19103F-16F7-4668-BE54-9A1E7A4F7556}") = "ITLearning.Infrastructure.DataAccess.Contracts", "Infrastructure\ITLearning.Infrastructure.DataAccess.Contracts\ITLearning.Infrastructure.DataAccess.Contracts.csproj", "{CAAF5276-B342-4305-8FBF-83BAA90D9AD3}"
EndProject
Project("{9A19103F-16F7-4668-BE54-9A1E7A4F7556}") = "ITLearning.Infrastructure.DataAccess.Mssql", "Infrastructure\ITLearning.Infrastructure.DataAccess.Mssql\ITLearning.Infrastructure.DataAccess.Mssql.csproj", "{925CAEBC-D80A-4BFE-92D5-528BFBDB6506}"
EndProject
Project("{9A19103F-16F7-4668-BE54-9A1E7A4F7556}") = "ITLearning.Domain", "Core\ITLearning.Domain\ITLearning.Domain.csproj", "{7CB0432A-AA76-418E-BD37-3517D0210461}"
EndProject
Project("{FAE04EC0-301F-11D3-BF4B-00C04F79EFBC}") = "ITLearning.Services", "ITLearning.Services\ITLearning.Services.csproj", "{B5CE9CD9-65BC-4B74-AE77-6F2EF28AD53B}"
EndProject
Global
	GlobalSection(SolutionConfigurationPlatforms) = preSolution
		Debug|Any CPU = Debug|Any CPU
		Debug|x64 = Debug|x64
		Release|Any CPU = Release|Any CPU
		Release|x64 = Release|x64
	EndGlobalSection
	GlobalSection(ProjectConfigurationPlatforms) = postSolution
		{4F78A4B2-7EA9-42FD-8D67-C90F1A9A5B3D}.Debug|Any CPU.ActiveCfg = Debug|Any CPU
		{4F78A4B2-7EA9-42FD-8D67-C90F1A9A5B3D}.Debug|Any CPU.Build.0 = Debug|Any CPU
		{4F78A4B2-7EA9-42FD-8D67-C90F1A9A5B3D}.Debug|x64.ActiveCfg = Debug|x64
		{4F78A4B2-7EA9-42FD-8D67-C90F1A9A5B3D}.Debug|x64.Build.0 = Debug|x64
		{4F78A4B2-7EA9-42FD-8D67-C90F1A9A5B3D}.Release|Any CPU.ActiveCfg = Release|Any CPU
		{4F78A4B2-7EA9-42FD-8D67-C90F1A9A5B3D}.Release|Any CPU.Build.0 = Release|Any CPU
		{4F78A4B2-7EA9-42FD-8D67-C90F1A9A5B3D}.Release|x64.ActiveCfg = Release|x64
		{4F78A4B2-7EA9-42FD-8D67-C90F1A9A5B3D}.Release|x64.Build.0 = Release|x64
		{7A04214D-FF14-4E36-9824-D9FD6AAFFF01}.Debug|Any CPU.ActiveCfg = Debug|Any CPU
		{7A04214D-FF14-4E36-9824-D9FD6AAFFF01}.Debug|Any CPU.Build.0 = Debug|Any CPU
		{7A04214D-FF14-4E36-9824-D9FD6AAFFF01}.Debug|x64.ActiveCfg = Debug|x64
		{7A04214D-FF14-4E36-9824-D9FD6AAFFF01}.Debug|x64.Build.0 = Debug|x64
		{7A04214D-FF14-4E36-9824-D9FD6AAFFF01}.Release|Any CPU.ActiveCfg = Release|Any CPU
		{7A04214D-FF14-4E36-9824-D9FD6AAFFF01}.Release|Any CPU.Build.0 = Release|Any CPU
		{7A04214D-FF14-4E36-9824-D9FD6AAFFF01}.Release|x64.ActiveCfg = Release|Any CPU
		{7A04214D-FF14-4E36-9824-D9FD6AAFFF01}.Release|x64.Build.0 = Release|Any CPU
		{BA777751-151B-4E63-A3C7-1C240B58B8D8}.Debug|Any CPU.ActiveCfg = Debug|Any CPU
		{BA777751-151B-4E63-A3C7-1C240B58B8D8}.Debug|Any CPU.Build.0 = Debug|Any CPU
		{BA777751-151B-4E63-A3C7-1C240B58B8D8}.Debug|x64.ActiveCfg = Debug|x64
		{BA777751-151B-4E63-A3C7-1C240B58B8D8}.Debug|x64.Build.0 = Debug|x64
		{BA777751-151B-4E63-A3C7-1C240B58B8D8}.Release|Any CPU.ActiveCfg = Release|Any CPU
		{BA777751-151B-4E63-A3C7-1C240B58B8D8}.Release|Any CPU.Build.0 = Release|Any CPU
		{BA777751-151B-4E63-A3C7-1C240B58B8D8}.Release|x64.ActiveCfg = Release|x64
		{BA777751-151B-4E63-A3C7-1C240B58B8D8}.Release|x64.Build.0 = Release|x64
		{CAAF5276-B342-4305-8FBF-83BAA90D9AD3}.Debug|Any CPU.ActiveCfg = Debug|Any CPU
		{CAAF5276-B342-4305-8FBF-83BAA90D9AD3}.Debug|Any CPU.Build.0 = Debug|Any CPU
		{CAAF5276-B342-4305-8FBF-83BAA90D9AD3}.Debug|x64.ActiveCfg = Debug|x64
		{CAAF5276-B342-4305-8FBF-83BAA90D9AD3}.Debug|x64.Build.0 = Debug|x64
		{CAAF5276-B342-4305-8FBF-83BAA90D9AD3}.Release|Any CPU.ActiveCfg = Release|Any CPU
		{CAAF5276-B342-4305-8FBF-83BAA90D9AD3}.Release|Any CPU.Build.0 = Release|Any CPU
		{CAAF5276-B342-4305-8FBF-83BAA90D9AD3}.Release|x64.ActiveCfg = Release|Any CPU
		{CAAF5276-B342-4305-8FBF-83BAA90D9AD3}.Release|x64.Build.0 = Release|Any CPU
		{925CAEBC-D80A-4BFE-92D5-528BFBDB6506}.Debug|Any CPU.ActiveCfg = Debug|Any CPU
		{925CAEBC-D80A-4BFE-92D5-528BFBDB6506}.Debug|Any CPU.Build.0 = Debug|Any CPU
		{925CAEBC-D80A-4BFE-92D5-528BFBDB6506}.Debug|x64.ActiveCfg = Debug|x64
		{925CAEBC-D80A-4BFE-92D5-528BFBDB6506}.Debug|x64.Build.0 = Debug|x64
		{925CAEBC-D80A-4BFE-92D5-528BFBDB6506}.Release|Any CPU.ActiveCfg = Release|Any CPU
		{925CAEBC-D80A-4BFE-92D5-528BFBDB6506}.Release|Any CPU.Build.0 = Release|Any CPU
		{925CAEBC-D80A-4BFE-92D5-528BFBDB6506}.Release|x64.ActiveCfg = Release|Any CPU
		{925CAEBC-D80A-4BFE-92D5-528BFBDB6506}.Release|x64.Build.0 = Release|Any CPU
		{7CB0432A-AA76-418E-BD37-3517D0210461}.Debug|Any CPU.ActiveCfg = Debug|Any CPU
		{7CB0432A-AA76-418E-BD37-3517D0210461}.Debug|Any CPU.Build.0 = Debug|Any CPU
		{7CB0432A-AA76-418E-BD37-3517D0210461}.Debug|x64.ActiveCfg = Debug|x64
		{7CB0432A-AA76-418E-BD37-3517D0210461}.Debug|x64.Build.0 = Debug|x64
		{7CB0432A-AA76-418E-BD37-3517D0210461}.Release|Any CPU.ActiveCfg = Release|Any CPU
		{7CB0432A-AA76-418E-BD37-3517D0210461}.Release|Any CPU.Build.0 = Release|Any CPU
		{7CB0432A-AA76-418E-BD37-3517D0210461}.Release|x64.ActiveCfg = Release|Any CPU
		{7CB0432A-AA76-418E-BD37-3517D0210461}.Release|x64.Build.0 = Release|Any CPU
		{B5CE9CD9-65BC-4B74-AE77-6F2EF28AD53B}.Debug|Any CPU.ActiveCfg = Debug|Any CPU
		{B5CE9CD9-65BC-4B74-AE77-6F2EF28AD53B}.Debug|Any CPU.Build.0 = Debug|Any CPU
		{B5CE9CD9-65BC-4B74-AE77-6F2EF28AD53B}.Debug|x64.ActiveCfg = Debug|Any CPU
		{B5CE9CD9-65BC-4B74-AE77-6F2EF28AD53B}.Debug|x64.Build.0 = Debug|Any CPU
		{B5CE9CD9-65BC-4B74-AE77-6F2EF28AD53B}.Release|Any CPU.ActiveCfg = Release|Any CPU
		{B5CE9CD9-65BC-4B74-AE77-6F2EF28AD53B}.Release|Any CPU.Build.0 = Release|Any CPU
		{B5CE9CD9-65BC-4B74-AE77-6F2EF28AD53B}.Release|x64.ActiveCfg = Release|Any CPU
		{B5CE9CD9-65BC-4B74-AE77-6F2EF28AD53B}.Release|x64.Build.0 = Release|Any CPU
	EndGlobalSection
	GlobalSection(SolutionProperties) = preSolution
		HideSolutionNode = FALSE
	EndGlobalSection
	GlobalSection(NestedProjects) = preSolution
		{BA777751-151B-4E63-A3C7-1C240B58B8D8} = {21B7E38D-D39D-4DC1-8D32-F50BE4C0A7DE}
		{CAAF5276-B342-4305-8FBF-83BAA90D9AD3} = {21B7E38D-D39D-4DC1-8D32-F50BE4C0A7DE}
		{925CAEBC-D80A-4BFE-92D5-528BFBDB6506} = {21B7E38D-D39D-4DC1-8D32-F50BE4C0A7DE}
		{7CB0432A-AA76-418E-BD37-3517D0210461} = {CDD8975B-1CC6-4CED-AE02-56BAFF41F8D9}
		{B5CE9CD9-65BC-4B74-AE77-6F2EF28AD53B} = {CDD8975B-1CC6-4CED-AE02-56BAFF41F8D9}
	EndGlobalSection
	GlobalSection(ExtensibilityGlobals) = postSolution
		SolutionGuid = {41B4B2BD-906A-4F33-BBC2-0CDC79F6C32C}
	EndGlobalSection
EndGlobal
